{
  "nodes": {
    "home-manager": {
      "inputs": {
        "nixpkgs": [
          "nixpkgs"
        ]
      },
      "locked": {
        "lastModified": 1762286824,
        "narHash": "sha256-xwfiYyn210aNIE/JKc6qmU7qd0619JaYMOGuFKNm9oc=",
        "owner": "nix-community",
        "repo": "home-manager",
        "rev": "1c75dd70229171f47ff10f4ed184101af7c7a392",
        "type": "github"
      },
      "original": {
        "owner": "nix-community",
        "repo": "home-manager",
        "type": "github"
      }
    },
    "nixpkgs": {
      "locked": {
        "lastModified": 1762111121,
        "narHash": "sha256-4vhDuZ7OZaZmKKrnDpxLZZpGIJvAeMtK6FKLJYUtAdw=",
        "owner": "nixos",
        "repo": "nixpkgs",
        "rev": "b3d51a0365f6695e7dd5cdf3e180604530ed33b4",
        "type": "github"
      },
      "original": {
        "owner": "nixos",
        "ref": "nixos-unstable",
        "repo": "nixpkgs",
        "type": "github"
      }
    },
    "nixpkgs-nordvpn": {
      "locked": {
        "lastModified": 1760688211,
        "narHash": "sha256-9TPkK/6AewEV7e2sjGfcTuNsUAt/YUM81gmCi/gF4Zo=",
        "owner": "different-error",
        "repo": "nixpkgs",
        "rev": "ffa143f970969e418cf2515e76e3ab87e834d1c5",
        "type": "github"
      },
      "original": {
        "owner": "different-error",
        "ref": "nordvpn",
        "repo": "nixpkgs",
        "type": "github"
      }
    },
    "root": {
      "inputs": {
        "home-manager": "home-manager",
        "nixpkgs": "nixpkgs",
        "nixpkgs-nordvpn": "nixpkgs-nordvpn"
      }
    }
  },
  "root": "root",
  "version": 7
}
