{
  "nodes": {
    "home-manager": {
      "inputs": {
        "nixpkgs": [
          "nixpkgs"
        ]
      },
      "locked": {
        "lastModified": 1778009629,
        "narHash": "sha256-nUoQtf4Zq7DRYJrfv904hjrxjAlWVP6a1pNNFKx3FCg=",
        "owner": "nix-community",
        "repo": "home-manager",
        "rev": "00ed86e58bb6979a7921859fd1615d19382eac5c",
        "type": "github"
      },
      "original": {
        "owner": "nix-community",
        "repo": "home-manager",
        "type": "github"
      }
    },
    "nixpkgs": {
      "locked": {
        "lastModified": 1777954456,
        "narHash": "sha256-hGdgeU2Nk87RAuZyYjyDjFL6LK7dAZN5RE9+hrDTkDU=",
        "owner": "nixos",
        "repo": "nixpkgs",
        "rev": "549bd84d6279f9852cae6225e372cc67fb91a4c1",
        "type": "github"
      },
      "original": {
        "owner": "nixos",
        "ref": "nixos-unstable",
        "repo": "nixpkgs",
        "type": "github"
      }
    },
    "nixpkgs-latest": {
      "locked": {
        "lastModified": 1778100103,
        "narHash": "sha256-n9vh5qLkRvurRespm02FHla/40V9v9t4tDl8+Llt8Sg=",
        "owner": "nixos",
        "repo": "nixpkgs",
        "rev": "96259212993a8f286ba5933ab530e29823dfe514",
        "type": "github"
      },
      "original": {
        "owner": "nixos",
        "repo": "nixpkgs",
        "type": "github"
      }
    },
    "nixpkgs-nordvpn": {
      "locked": {
        "lastModified": 1777044983,
        "narHash": "sha256-VlA5N6nZdVEkfNaOIoZA3gWvUI6KNL8r6J04ia1hX7g=",
        "owner": "different-error",
        "repo": "nixpkgs",
        "rev": "8dc8ee3fe6bffb11f9b33a5989d74b1fd2fadf89",
        "type": "github"
      },
      "original": {
        "owner": "different-error",
        "ref": "nordvpn",
        "repo": "nixpkgs",
        "type": "github"
      }
    },
    "root": {
      "inputs": {
        "home-manager": "home-manager",
        "nixpkgs": "nixpkgs",
        "nixpkgs-latest": "nixpkgs-latest",
        "nixpkgs-nordvpn": "nixpkgs-nordvpn"
      }
    }
  },
  "root": "root",
  "version": 7
}
